
Microsoft Visual Studio Solution File, Format Version 12.00
# Visual Studio Version 17
VisualStudioVersion = 17.14.36429.23
MinimumVisualStudioVersion = 10.0.40219.1
Project("{FAE04EC0-301F-11D3-BF4B-00C04F79EFBC}") = "DSD.Common", "DSD.Common\DSD.Common.csproj", "{75FCDD4C-795D-4A18-92E7-39698B6C2DD3}"
EndProject
Project("{FAE04EC0-301F-11D3-BF4B-00C04F79EFBC}") = "DSD.Outbound", "DSD.Outbound\DSD.Outbound.csproj", "{C9AB030D-7CDC-4178-9E41-5D21CF679B7D}"
EndProject
Project("{FAE04EC0-301F-11D3-BF4B-00C04F79EFBC}") = "DSD.Inbound", "DSD.Inbound\DSD.Inbound.csproj", "{6510A8FF-E402-4D97-AFA4-D09BA70A5FEE}"
EndProject
Project("{2150E333-8FDC-42A3-9474-1A3956D46DE8}") = "Solution Items", "Solution Items", "{8EC462FD-D22E-90A8-E5CE-7E832BA40C5D}"
EndProject
Project("{FAE04EC0-301F-11D3-BF4B-00C04F79EFBC}") = "DSD.UI", "DSD.UI\DSD.UI.csproj", "{95A3085F-1974-4B88-A4EA-AB6CD49F94AF}"
EndProject
Project("{FAE04EC0-301F-11D3-BF4B-00C04F79EFBC}") = "DSD.Scheduler", "DSD.Scheduler\DSD.Scheduler.csproj", "{6B60AEBE-BE8A-4159-BE54-D96C5B4885AA}"
EndProject
Global
	GlobalSection(SolutionConfigurationPlatforms) = preSolution
		Debug|Any CPU = Debug|Any CPU
		Release|Any CPU = Release|Any CPU
	EndGlobalSection
	GlobalSection(ProjectConfigurationPlatforms) = postSolution
		{75FCDD4C-795D-4A18-92E7-39698B6C2DD3}.Debug|Any CPU.ActiveCfg = Debug|Any CPU
		{75FCDD4C-795D-4A18-92E7-39698B6C2DD3}.Debug|Any CPU.Build.0 = Debug|Any CPU
		{75FCDD4C-795D-4A18-92E7-39698B6C2DD3}.Release|Any CPU.ActiveCfg = Release|Any CPU
		{75FCDD4C-795D-4A18-92E7-39698B6C2DD3}.Release|Any CPU.Build.0 = Release|Any CPU
		{C9AB030D-7CDC-4178-9E41-5D21CF679B7D}.Debug|Any CPU.ActiveCfg = Debug|Any CPU
		{C9AB030D-7CDC-4178-9E41-5D21CF679B7D}.Debug|Any CPU.Build.0 = Debug|Any CPU
		{C9AB030D-7CDC-4178-9E41-5D21CF679B7D}.Release|Any CPU.ActiveCfg = Release|Any CPU
		{C9AB030D-7CDC-4178-9E41-5D21CF679B7D}.Release|Any CPU.Build.0 = Release|Any CPU
		{6510A8FF-E402-4D97-AFA4-D09BA70A5FEE}.Debug|Any CPU.ActiveCfg = Debug|Any CPU
		{6510A8FF-E402-4D97-AFA4-D09BA70A5FEE}.Debug|Any CPU.Build.0 = Debug|Any CPU
		{6510A8FF-E402-4D97-AFA4-D09BA70A5FEE}.Release|Any CPU.ActiveCfg = Release|Any CPU
		{6510A8FF-E402-4D97-AFA4-D09BA70A5FEE}.Release|Any CPU.Build.0 = Release|Any CPU
		{95A3085F-1974-4B88-A4EA-AB6CD49F94AF}.Debug|Any CPU.ActiveCfg = Debug|Any CPU
		{95A3085F-1974-4B88-A4EA-AB6CD49F94AF}.Debug|Any CPU.Build.0 = Debug|Any CPU
		{95A3085F-1974-4B88-A4EA-AB6CD49F94AF}.Release|Any CPU.ActiveCfg = Release|Any CPU
		{95A3085F-1974-4B88-A4EA-AB6CD49F94AF}.Release|Any CPU.Build.0 = Release|Any CPU
		{6B60AEBE-BE8A-4159-BE54-D96C5B4885AA}.Debug|Any CPU.ActiveCfg = Debug|Any CPU
		{6B60AEBE-BE8A-4159-BE54-D96C5B4885AA}.Debug|Any CPU.Build.0 = Debug|Any CPU
		{6B60AEBE-BE8A-4159-BE54-D96C5B4885AA}.Release|Any CPU.ActiveCfg = Release|Any CPU
		{6B60AEBE-BE8A-4159-BE54-D96C5B4885AA}.Release|Any CPU.Build.0 = Release|Any CPU
	EndGlobalSection
	GlobalSection(SolutionProperties) = preSolution
		HideSolutionNode = FALSE
	EndGlobalSection
	GlobalSection(ExtensibilityGlobals) = postSolution
		SolutionGuid = {543BBDCE-2E4D-422D-B4F8-61BEC96C65B1}
	EndGlobalSection
EndGlobal
